// !$*UTF8*$!
{
	archiveVersion = 1;
	classes = {
	};
	objectVersion = 56;
	objects = {

/* Begin PBXBuildFile section */
		5BE542C92BD74ACF00E3BE35 /* NewsIndoApp.swift in Sources */ = {isa = PBXBuildFile; fileRef = 5BE542C82BD74ACF00E3BE35 /* NewsIndoApp.swift */; };
		5BE542CB2BD74ACF00E3BE35 /* ContentView.swift in Sources */ = {isa = PBXBuildFile; fileRef = 5BE542CA2BD74ACF00E3BE35 /* ContentView.swift */; };
		5BE542D02BD74AD300E3BE35 /* Preview Assets.xcassets in Resources */ = {isa = PBXBuildFile; fileRef = 5BE542CF2BD74AD300E3BE35 /* Preview Assets.xcassets */; };
		5BE542DA2BD74D3000E3BE35 /* Assets.xcassets in Resources */ = {isa = PBXBuildFile; fileRef = 5BE542CC2BD74AD300E3BE35 /* Assets.xcassets */; };
		5BE542DC2BD7508100E3BE35 /* News.swift in Sources */ = {isa = PBXBuildFile; fileRef = 5BE542DB2BD7508100E3BE35 /* News.swift */; };
		5BE542E02BD7547F00E3BE35 /* Alamofire in Frameworks */ = {isa = PBXBuildFile; productRef = 5BE542DF2BD7547F00E3BE35 /* Alamofire */; };
		5BE542E22BD7547F00E3BE35 /* AlamofireDynamic in Frameworks */ = {isa = PBXBuildFile; productRef = 5BE542E12BD7547F00E3BE35 /* AlamofireDynamic */; };
		5BE542E52BD7554C00E3BE35 /* Constant.swift in Sources */ = {isa = PBXBuildFile; fileRef = 5BE542E42BD7554C00E3BE35 /* Constant.swift */; };
		5BE542E72BD755E200E3BE35 /* APIService.swift in Sources */ = {isa = PBXBuildFile; fileRef = 5BE542E62BD755E200E3BE35 /* APIService.swift */; };
		5BE542EA2BD75AE000E3BE35 /* NewsVM.swift in Sources */ = {isa = PBXBuildFile; fileRef = 5BE542E92BD75AE000E3BE35 /* NewsVM.swift */; };
		5BE542ED2BD7625800E3BE35 /* String+ExtDate.swift in Sources */ = {isa = PBXBuildFile; fileRef = 5BE542EC2BD7625700E3BE35 /* String+ExtDate.swift */; };
		5BE542FD2BD7857D00E3BE35 /* CNBCModel.swift in Sources */ = {isa = PBXBuildFile; fileRef = 5BE542FC2BD7857D00E3BE35 /* CNBCModel.swift */; };
		5BE542FF2BD785A400E3BE35 /* CNBCView.swift in Sources */ = {isa = PBXBuildFile; fileRef = 5BE542FE2BD785A400E3BE35 /* CNBCView.swift */; };
		5BE543012BD787B600E3BE35 /* ConstantCNBC.swift in Sources */ = {isa = PBXBuildFile; fileRef = 5BE543002BD787B600E3BE35 /* ConstantCNBC.swift */; };
		5BE543032BD787FD00E3BE35 /* APIServiceCNBC.swift in Sources */ = {isa = PBXBuildFile; fileRef = 5BE543022BD787FD00E3BE35 /* APIServiceCNBC.swift */; };
		5BE543072BD78A1600E3BE35 /* CNBCNewsVM.swift in Sources */ = {isa = PBXBuildFile; fileRef = 5BE543062BD78A1600E3BE35 /* CNBCNewsVM.swift */; };
/* End PBXBuildFile section */

/* Begin PBXFileReference section */
		5BE542C52BD74ACF00E3BE35 /* NewsIndo.app */ = {isa = PBXFileReference; explicitFileType = wrapper.application; includeInIndex = 0; path = NewsIndo.app; sourceTree = BUILT_PRODUCTS_DIR; };
		5BE542C82BD74ACF00E3BE35 /* NewsIndoApp.swift */ = {isa = PBXFileReference; lastKnownFileType = sourcecode.swift; path = NewsIndoApp.swift; sourceTree = "<group>"; };
		5BE542CA2BD74ACF00E3BE35 /* ContentView.swift */ = {isa = PBXFileReference; lastKnownFileType = sourcecode.swift; path = ContentView.swift; sourceTree = "<group>"; };
		5BE542CC2BD74AD300E3BE35 /* Assets.xcassets */ = {isa = PBXFileReference; lastKnownFileType = folder.assetcatalog; path = Assets.xcassets; sourceTree = "<group>"; };
		5BE542CF2BD74AD300E3BE35 /* Preview Assets.xcassets */ = {isa = PBXFileReference; lastKnownFileType = folder.assetcatalog; path = "Preview Assets.xcassets"; sourceTree = "<group>"; };
		5BE542DB2BD7508100E3BE35 /* News.swift */ = {isa = PBXFileReference; lastKnownFileType = sourcecode.swift; path = News.swift; sourceTree = "<group>"; };
		5BE542E42BD7554C00E3BE35 /* Constant.swift */ = {isa = PBXFileReference; lastKnownFileType = sourcecode.swift; path = Constant.swift; sourceTree = "<group>"; };
		5BE542E62BD755E200E3BE35 /* APIService.swift */ = {isa = PBXFileReference; lastKnownFileType = sourcecode.swift; path = APIService.swift; sourceTree = "<group>"; };
		5BE542E92BD75AE000E3BE35 /* NewsVM.swift */ = {isa = PBXFileReference; lastKnownFileType = sourcecode.swift; path = NewsVM.swift; sourceTree = "<group>"; };
		5BE542EC2BD7625700E3BE35 /* String+ExtDate.swift */ = {isa = PBXFileReference; lastKnownFileType = sourcecode.swift; path = "String+ExtDate.swift"; sourceTree = "<group>"; };
		5BE542FC2BD7857D00E3BE35 /* CNBCModel.swift */ = {isa = PBXFileReference; lastKnownFileType = sourcecode.swift; path = CNBCModel.swift; sourceTree = "<group>"; };
		5BE542FE2BD785A400E3BE35 /* CNBCView.swift */ = {isa = PBXFileReference; lastKnownFileType = sourcecode.swift; path = CNBCView.swift; sourceTree = "<group>"; };
		5BE543002BD787B600E3BE35 /* ConstantCNBC.swift */ = {isa = PBXFileReference; lastKnownFileType = sourcecode.swift; path = ConstantCNBC.swift; sourceTree = "<group>"; };
		5BE543022BD787FD00E3BE35 /* APIServiceCNBC.swift */ = {isa = PBXFileReference; lastKnownFileType = sourcecode.swift; path = APIServiceCNBC.swift; sourceTree = "<group>"; };
		5BE543062BD78A1600E3BE35 /* CNBCNewsVM.swift */ = {isa = PBXFileReference; lastKnownFileType = sourcecode.swift; path = CNBCNewsVM.swift; sourceTree = "<group>"; };
/* End PBXFileReference section */

/* Begin PBXFrameworksBuildPhase section */
		5BE542C22BD74ACF00E3BE35 /* Frameworks */ = {
			isa = PBXFrameworksBuildPhase;
			buildActionMask = 2147483647;
			files = (
				5BE542E02BD7547F00E3BE35 /* Alamofire in Frameworks */,
				5BE542E22BD7547F00E3BE35 /* AlamofireDynamic in Frameworks */,
			);
			runOnlyForDeploymentPostprocessing = 0;
		};
/* End PBXFrameworksBuildPhase section */

/* Begin PBXGroup section */
		5BE542BC2BD74ACF00E3BE35 = {
			isa = PBXGroup;
			children = (
				5BE542C72BD74ACF00E3BE35 /* NewsIndo */,
				5BE542C62BD74ACF00E3BE35 /* Products */,
			);
			sourceTree = "<group>";
		};
		5BE542C62BD74ACF00E3BE35 /* Products */ = {
			isa = PBXGroup;
			children = (
				5BE542C52BD74ACF00E3BE35 /* NewsIndo.app */,
			);
			name = Products;
			sourceTree = "<group>";
		};
		5BE542C72BD74ACF00E3BE35 /* NewsIndo */ = {
			isa = PBXGroup;
			children = (
				5BE542D92BD74B0600E3BE35 /* Resources */,
				5BE542F72BD784BB00E3BE35 /* Kumparan */,
				5BE542F02BD7846700E3BE35 /* CNBC */,
				5BE542EB2BD7623200E3BE35 /* Helper */,
				5BE542D62BD74AEF00E3BE35 /* App */,
				5BE542CE2BD74AD300E3BE35 /* Preview Content */,
			);
			path = NewsIndo;
			sourceTree = "<group>";
		};
		5BE542CE2BD74AD300E3BE35 /* Preview Content */ = {
			isa = PBXGroup;
			children = (
				5BE542CF2BD74AD300E3BE35 /* Preview Assets.xcassets */,
			);
			path = "Preview Content";
			sourceTree = "<group>";
		};
		5BE542D62BD74AEF00E3BE35 /* App */ = {
			isa = PBXGroup;
			children = (
				5BE542C82BD74ACF00E3BE35 /* NewsIndoApp.swift */,
			);
			path = App;
			sourceTree = "<group>";
		};
		5BE542D72BD74AF600E3BE35 /* View */ = {
			isa = PBXGroup;
			children = (
				5BE542CA2BD74ACF00E3BE35 /* ContentView.swift */,
			);
			path = View;
			sourceTree = "<group>";
		};
		5BE542D82BD74AFC00E3BE35 /* Model */ = {
			isa = PBXGroup;
			children = (
				5BE542DB2BD7508100E3BE35 /* News.swift */,
			);
			path = Model;
			sourceTree = "<group>";
		};
		5BE542D92BD74B0600E3BE35 /* Resources */ = {
			isa = PBXGroup;
			children = (
				5BE542CC2BD74AD300E3BE35 /* Assets.xcassets */,
			);
			path = Resources;
			sourceTree = "<group>";
		};
		5BE542E32BD7552500E3BE35 /* Services */ = {
			isa = PBXGroup;
			children = (
				5BE542E42BD7554C00E3BE35 /* Constant.swift */,
				5BE542E62BD755E200E3BE35 /* APIService.swift */,
			);
			path = Services;
			sourceTree = "<group>";
		};
		5BE542E82BD75ACE00E3BE35 /* ViewModel */ = {
			isa = PBXGroup;
			children = (
				5BE542E92BD75AE000E3BE35 /* NewsVM.swift */,
			);
			path = ViewModel;
			sourceTree = "<group>";
		};
		5BE542EB2BD7623200E3BE35 /* Helper */ = {
			isa = PBXGroup;
			children = (
				5BE542EC2BD7625700E3BE35 /* String+ExtDate.swift */,
			);
			path = Helper;
			sourceTree = "<group>";
		};
		5BE542F02BD7846700E3BE35 /* CNBC */ = {
			isa = PBXGroup;
			children = (
				5BE542F62BD784AC00E3BE35 /* Services */,
				5BE542F12BD7847000E3BE35 /* Model */,
				5BE542F52BD7849D00E3BE35 /* ViewModel */,
				5BE542F32BD7847D00E3BE35 /* View */,
			);
			path = CNBC;
			sourceTree = "<group>";
		};
		5BE542F12BD7847000E3BE35 /* Model */ = {
			isa = PBXGroup;
			children = (
				5BE542FC2BD7857D00E3BE35 /* CNBCModel.swift */,
			);
			path = Model;
			sourceTree = "<group>";
		};
		5BE542F32BD7847D00E3BE35 /* View */ = {
			isa = PBXGroup;
			children = (
				5BE542FE2BD785A400E3BE35 /* CNBCView.swift */,
			);
			path = View;
			sourceTree = "<group>";
		};
		5BE542F52BD7849D00E3BE35 /* ViewModel */ = {
			isa = PBXGroup;
			children = (
				5BE543062BD78A1600E3BE35 /* CNBCNewsVM.swift */,
			);
			path = ViewModel;
			sourceTree = "<group>";
		};
		5BE542F62BD784AC00E3BE35 /* Services */ = {
			isa = PBXGroup;
			children = (
				5BE543002BD787B600E3BE35 /* ConstantCNBC.swift */,
				5BE543022BD787FD00E3BE35 /* APIServiceCNBC.swift */,
			);
			path = Services;
			sourceTree = "<group>";
		};
		5BE542F72BD784BB00E3BE35 /* Kumparan */ = {
			isa = PBXGroup;
			children = (
				5BE542E32BD7552500E3BE35 /* Services */,
				5BE542D82BD74AFC00E3BE35 /* Model */,
				5BE542E82BD75ACE00E3BE35 /* ViewModel */,
				5BE542D72BD74AF600E3BE35 /* View */,
			);
			path = Kumparan;
			sourceTree = "<group>";
		};
/* End PBXGroup section */

/* Begin PBXNativeTarget section */
		5BE542C42BD74ACF00E3BE35 /* NewsIndo */ = {
			isa = PBXNativeTarget;
			buildConfigurationList = 5BE542D32BD74AD300E3BE35 /* Build configuration list for PBXNativeTarget "NewsIndo" */;
			buildPhases = (
				5BE542C12BD74ACF00E3BE35 /* Sources */,
				5BE542C22BD74ACF00E3BE35 /* Frameworks */,
				5BE542C32BD74ACF00E3BE35 /* Resources */,
			);
			buildRules = (
			);
			dependencies = (
			);
			name = NewsIndo;
			packageProductDependencies = (
				5BE542DF2BD7547F00E3BE35 /* Alamofire */,
				5BE542E12BD7547F00E3BE35 /* AlamofireDynamic */,
			);
			productName = NewsIndo;
			productReference = 5BE542C52BD74ACF00E3BE35 /* NewsIndo.app */;
			productType = "com.apple.product-type.application";
		};
/* End PBXNativeTarget section */

/* Begin PBXProject section */
		5BE542BD2BD74ACF00E3BE35 /* Project object */ = {
			isa = PBXProject;
			attributes = {
				BuildIndependentTargetsInParallel = 1;
				LastSwiftUpdateCheck = 1530;
				LastUpgradeCheck = 1530;
				TargetAttributes = {
					5BE542C42BD74ACF00E3BE35 = {
						CreatedOnToolsVersion = 15.3;
					};
				};
			};
			buildConfigurationList = 5BE542C02BD74ACF00E3BE35 /* Build configuration list for PBXProject "NewsIndo" */;
			compatibilityVersion = "Xcode 14.0";
			developmentRegion = en;
			hasScannedForEncodings = 0;
			knownRegions = (
				en,
				Base,
			);
			mainGroup = 5BE542BC2BD74ACF00E3BE35;
			packageReferences = (
				5BE542DE2BD7547F00E3BE35 /* XCRemoteSwiftPackageReference "Alamofire" */,
			);
			productRefGroup = 5BE542C62BD74ACF00E3BE35 /* Products */;
			projectDirPath = "";
			projectRoot = "";
			targets = (
				5BE542C42BD74ACF00E3BE35 /* NewsIndo */,
			);
		};
/* End PBXProject section */

/* Begin PBXResourcesBuildPhase section */
		5BE542C32BD74ACF00E3BE35 /* Resources */ = {
			isa = PBXResourcesBuildPhase;
			buildActionMask = 2147483647;
			files = (
				5BE542DA2BD74D3000E3BE35 /* Assets.xcassets in Resources */,
				5BE542D02BD74AD300E3BE35 /* Preview Assets.xcassets in Resources */,
			);
			runOnlyForDeploymentPostprocessing = 0;
		};
/* End PBXResourcesBuildPhase section */

/* Begin PBXSourcesBuildPhase section */
		5BE542C12BD74ACF00E3BE35 /* Sources */ = {
			isa = PBXSourcesBuildPhase;
			buildActionMask = 2147483647;
			files = (
				5BE542FF2BD785A400E3BE35 /* CNBCView.swift in Sources */,
				5BE543032BD787FD00E3BE35 /* APIServiceCNBC.swift in Sources */,
				5BE542ED2BD7625800E3BE35 /* String+ExtDate.swift in Sources */,
				5BE542DC2BD7508100E3BE35 /* News.swift in Sources */,
				5BE542E72BD755E200E3BE35 /* APIService.swift in Sources */,
				5BE542CB2BD74ACF00E3BE35 /* ContentView.swift in Sources */,
				5BE543012BD787B600E3BE35 /* ConstantCNBC.swift in Sources */,
				5BE542C92BD74ACF00E3BE35 /* NewsIndoApp.swift in Sources */,
				5BE542E52BD7554C00E3BE35 /* Constant.swift in Sources */,
				5BE543072BD78A1600E3BE35 /* CNBCNewsVM.swift in Sources */,
				5BE542EA2BD75AE000E3BE35 /* NewsVM.swift in Sources */,
				5BE542FD2BD7857D00E3BE35 /* CNBCModel.swift in Sources */,
			);
			runOnlyForDeploymentPostprocessing = 0;
		};
/* End PBXSourcesBuildPhase section */

/* Begin XCBuildConfiguration section */
		5BE542D12BD74AD300E3BE35 /* Debug */ = {
			isa = XCBuildConfiguration;
			buildSettings = {
				ALWAYS_SEARCH_USER_PATHS = NO;
				ASSETCATALOG_COMPILER_GENERATE_SWIFT_ASSET_SYMBOL_EXTENSIONS = YES;
				CLANG_ANALYZER_NONNULL = YES;
				CLANG_ANALYZER_NUMBER_OBJECT_CONVERSION = YES_AGGRESSIVE;
				CLANG_CXX_LANGUAGE_STANDARD = "gnu++20";
				CLANG_ENABLE_MODULES = YES;
				CLANG_ENABLE_OBJC_ARC = YES;
				CLANG_ENABLE_OBJC_WEAK = YES;
				CLANG_WARN_BLOCK_CAPTURE_AUTORELEASING = YES;
				CLANG_WARN_BOOL_CONVERSION = YES;
				CLANG_WARN_COMMA = YES;
				CLANG_WARN_CONSTANT_CONVERSION = YES;
				CLANG_WARN_DEPRECATED_OBJC_IMPLEMENTATIONS = YES;
				CLANG_WARN_DIRECT_OBJC_ISA_USAGE = YES_ERROR;
				CLANG_WARN_DOCUMENTATION_COMMENTS = YES;
				CLANG_WARN_EMPTY_BODY = YES;
				CLANG_WARN_ENUM_CONVERSION = YES;
				CLANG_WARN_INFINITE_RECURSION = YES;
				CLANG_WARN_INT_CONVERSION = YES;
				CLANG_WARN_NON_LITERAL_NULL_CONVERSION = YES;
				CLANG_WARN_OBJC_IMPLICIT_RETAIN_SELF = YES;
				CLANG_WARN_OBJC_LITERAL_CONVERSION = YES;
				CLANG_WARN_OBJC_ROOT_CLASS = YES_ERROR;
				CLANG_WARN_QUOTED_INCLUDE_IN_FRAMEWORK_HEADER = YES;
				CLANG_WARN_RANGE_LOOP_ANALYSIS = YES;
				CLANG_WARN_STRICT_PROTOTYPES = YES;
				CLANG_WARN_SUSPICIOUS_MOVE = YES;
				CLANG_WARN_UNGUARDED_AVAILABILITY = YES_AGGRESSIVE;
				CLANG_WARN_UNREACHABLE_CODE = YES;
				CLANG_WARN__DUPLICATE_METHOD_MATCH = YES;
				COPY_PHASE_STRIP = NO;
				DEBUG_INFORMATION_FORMAT = dwarf;
				ENABLE_STRICT_OBJC_MSGSEND = YES;
				ENABLE_TESTABILITY = YES;
				ENABLE_USER_SCRIPT_SANDBOXING = YES;
				GCC_C_LANGUAGE_STANDARD = gnu17;
				GCC_DYNAMIC_NO_PIC = NO;
				GCC_NO_COMMON_BLOCKS = YES;
				GCC_OPTIMIZATION_LEVEL = 0;
				GCC_PREPROCESSOR_DEFINITIONS = (
					"DEBUG=1",
					"$(inherited)",
				);
				GCC_WARN_64_TO_32_BIT_CONVERSION = YES;
				GCC_WARN_ABOUT_RETURN_TYPE = YES_ERROR;
				GCC_WARN_UNDECLARED_SELECTOR = YES;
				GCC_WARN_UNINITIALIZED_AUTOS = YES_AGGRESSIVE;
				GCC_WARN_UNUSED_FUNCTION = YES;
				GCC_WARN_UNUSED_VARIABLE = YES;
				IPHONEOS_DEPLOYMENT_TARGET = 17.4;
				LOCALIZATION_PREFERS_STRING_CATALOGS = YES;
				MTL_ENABLE_DEBUG_INFO = INCLUDE_SOURCE;
				MTL_FAST_MATH = YES;
				ONLY_ACTIVE_ARCH = YES;
				SDKROOT = iphoneos;
				SWIFT_ACTIVE_COMPILATION_CONDITIONS = "DEBUG $(inherited)";
				SWIFT_OPTIMIZATION_LEVEL = "-Onone";
			};
			name = Debug;
		};
		5BE542D22BD74AD300E3BE35 /* Release */ = {
			isa = XCBuildConfiguration;
			buildSettings = {
				ALWAYS_SEARCH_USER_PATHS = NO;
				ASSETCATALOG_COMPILER_GENERATE_SWIFT_ASSET_SYMBOL_EXTENSIONS = YES;
				CLANG_ANALYZER_NONNULL = YES;
				CLANG_ANALYZER_NUMBER_OBJECT_CONVERSION = YES_AGGRESSIVE;
				CLANG_CXX_LANGUAGE_STANDARD = "gnu++20";
				CLANG_ENABLE_MODULES = YES;
				CLANG_ENABLE_OBJC_ARC = YES;
				CLANG_ENABLE_OBJC_WEAK = YES;
				CLANG_WARN_BLOCK_CAPTURE_AUTORELEASING = YES;
				CLANG_WARN_BOOL_CONVERSION = YES;
				CLANG_WARN_COMMA = YES;
				CLANG_WARN_CONSTANT_CONVERSION = YES;
				CLANG_WARN_DEPRECATED_OBJC_IMPLEMENTATIONS = YES;
				CLANG_WARN_DIRECT_OBJC_ISA_USAGE = YES_ERROR;
				CLANG_WARN_DOCUMENTATION_COMMENTS = YES;
				CLANG_WARN_EMPTY_BODY = YES;
				CLANG_WARN_ENUM_CONVERSION = YES;
				CLANG_WARN_INFINITE_RECURSION = YES;
				CLANG_WARN_INT_CONVERSION = YES;
				CLANG_WARN_NON_LITERAL_NULL_CONVERSION = YES;
				CLANG_WARN_OBJC_IMPLICIT_RETAIN_SELF = YES;
				CLANG_WARN_OBJC_LITERAL_CONVERSION = YES;
				CLANG_WARN_OBJC_ROOT_CLASS = YES_ERROR;
				CLANG_WARN_QUOTED_INCLUDE_IN_FRAMEWORK_HEADER = YES;
				CLANG_WARN_RANGE_LOOP_ANALYSIS = YES;
				CLANG_WARN_STRICT_PROTOTYPES = YES;
				CLANG_WARN_SUSPICIOUS_MOVE = YES;
				CLANG_WARN_UNGUARDED_AVAILABILITY = YES_AGGRESSIVE;
				CLANG_WARN_UNREACHABLE_CODE = YES;
				CLANG_WARN__DUPLICATE_METHOD_MATCH = YES;
				COPY_PHASE_STRIP = NO;
				DEBUG_INFORMATION_FORMAT = "dwarf-with-dsym";
				ENABLE_NS_ASSERTIONS = NO;
				ENABLE_STRICT_OBJC_MSGSEND = YES;
				ENABLE_USER_SCRIPT_SANDBOXING = YES;
				GCC_C_LANGUAGE_STANDARD = gnu17;
				GCC_NO_COMMON_BLOCKS = YES;
				GCC_WARN_64_TO_32_BIT_CONVERSION = YES;
				GCC_WARN_ABOUT_RETURN_TYPE = YES_ERROR;
				GCC_WARN_UNDECLARED_SELECTOR = YES;
				GCC_WARN_UNINITIALIZED_AUTOS = YES_AGGRESSIVE;
				GCC_WARN_UNUSED_FUNCTION = YES;
				GCC_WARN_UNUSED_VARIABLE = YES;
				IPHONEOS_DEPLOYMENT_TARGET = 17.4;
				LOCALIZATION_PREFERS_STRING_CATALOGS = YES;
				MTL_ENABLE_DEBUG_INFO = NO;
				MTL_FAST_MATH = YES;
				SDKROOT = iphoneos;
				SWIFT_COMPILATION_MODE = wholemodule;
				VALIDATE_PRODUCT = YES;
			};
			name = Release;
		};
		5BE542D42BD74AD300E3BE35 /* Debug */ = {
			isa = XCBuildConfiguration;
			buildSettings = {
				ASSETCATALOG_COMPILER_APPICON_NAME = AppIcon;
				ASSETCATALOG_COMPILER_GLOBAL_ACCENT_COLOR_NAME = AccentColor;
				CODE_SIGN_STYLE = Automatic;
				CURRENT_PROJECT_VERSION = 1;
				DEVELOPMENT_ASSET_PATHS = "\"NewsIndo/Preview Content\"";
				ENABLE_PREVIEWS = YES;
				GENERATE_INFOPLIST_FILE = YES;
				INFOPLIST_KEY_UIApplicationSceneManifest_Generation = YES;
				INFOPLIST_KEY_UIApplicationSupportsIndirectInputEvents = YES;
				INFOPLIST_KEY_UILaunchScreen_Generation = YES;
				INFOPLIST_KEY_UISupportedInterfaceOrientations_iPad = "UIInterfaceOrientationPortrait UIInterfaceOrientationPortraitUpsideDown UIInterfaceOrientationLandscapeLeft UIInterfaceOrientationLandscapeRight";
				INFOPLIST_KEY_UISupportedInterfaceOrientations_iPhone = "UIInterfaceOrientationPortrait UIInterfaceOrientationLandscapeLeft UIInterfaceOrientationLandscapeRight";
				LD_RUNPATH_SEARCH_PATHS = (
					"$(inherited)",
					"@executable_path/Frameworks",
				);
				MARKETING_VERSION = 1.0;
				PRODUCT_BUNDLE_IDENTIFIER = com.jesswift.NewsIndo;
				PRODUCT_NAME = "$(TARGET_NAME)";
				SWIFT_EMIT_LOC_STRINGS = YES;
				SWIFT_VERSION = 5.0;
				TARGETED_DEVICE_FAMILY = "1,2";
			};
			name = Debug;
		};
		5BE542D52BD74AD300E3BE35 /* Release */ = {
			isa = XCBuildConfiguration;
			buildSettings = {
				ASSETCATALOG_COMPILER_APPICON_NAME = AppIcon;
				ASSETCATALOG_COMPILER_GLOBAL_ACCENT_COLOR_NAME = AccentColor;
				CODE_SIGN_STYLE = Automatic;
				CURRENT_PROJECT_VERSION = 1;
				DEVELOPMENT_ASSET_PATHS = "\"NewsIndo/Preview Content\"";
				ENABLE_PREVIEWS = YES;
				GENERATE_INFOPLIST_FILE = YES;
				INFOPLIST_KEY_UIApplicationSceneManifest_Generation = YES;
				INFOPLIST_KEY_UIApplicationSupportsIndirectInputEvents = YES;
				INFOPLIST_KEY_UILaunchScreen_Generation = YES;
				INFOPLIST_KEY_UISupportedInterfaceOrientations_iPad = "UIInterfaceOrientationPortrait UIInterfaceOrientationPortraitUpsideDown UIInterfaceOrientationLandscapeLeft UIInterfaceOrientationLandscapeRight";
				INFOPLIST_KEY_UISupportedInterfaceOrientations_iPhone = "UIInterfaceOrientationPortrait UIInterfaceOrientationLandscapeLeft UIInterfaceOrientationLandscapeRight";
				LD_RUNPATH_SEARCH_PATHS = (
					"$(inherited)",
					"@executable_path/Frameworks",
				);
				MARKETING_VERSION = 1.0;
				PRODUCT_BUNDLE_IDENTIFIER = com.jesswift.NewsIndo;
				PRODUCT_NAME = "$(TARGET_NAME)";
				SWIFT_EMIT_LOC_STRINGS = YES;
				SWIFT_VERSION = 5.0;
				TARGETED_DEVICE_FAMILY = "1,2";
			};
			name = Release;
		};
/* End XCBuildConfiguration section */

/* Begin XCConfigurationList section */
		5BE542C02BD74ACF00E3BE35 /* Build configuration list for PBXProject "NewsIndo" */ = {
			isa = XCConfigurationList;
			buildConfigurations = (
				5BE542D12BD74AD300E3BE35 /* Debug */,
				5BE542D22BD74AD300E3BE35 /* Release */,
			);
			defaultConfigurationIsVisible = 0;
			defaultConfigurationName = Release;
		};
		5BE542D32BD74AD300E3BE35 /* Build configuration list for PBXNativeTarget "NewsIndo" */ = {
			isa = XCConfigurationList;
			buildConfigurations = (
				5BE542D42BD74AD300E3BE35 /* Debug */,
				5BE542D52BD74AD300E3BE35 /* Release */,
			);
			defaultConfigurationIsVisible = 0;
			defaultConfigurationName = Release;
		};
/* End XCConfigurationList section */

/* Begin XCRemoteSwiftPackageReference section */
		5BE542DE2BD7547F00E3BE35 /* XCRemoteSwiftPackageReference "Alamofire" */ = {
			isa = XCRemoteSwiftPackageReference;
			repositoryURL = "https://github.com/Alamofire/Alamofire.git";
			requirement = {
				kind = upToNextMajorVersion;
				minimumVersion = 5.9.1;
			};
		};
/* End XCRemoteSwiftPackageReference section */

/* Begin XCSwiftPackageProductDependency section */
		5BE542DF2BD7547F00E3BE35 /* Alamofire */ = {
			isa = XCSwiftPackageProductDependency;
			package = 5BE542DE2BD7547F00E3BE35 /* XCRemoteSwiftPackageReference "Alamofire" */;
			productName = Alamofire;
		};
		5BE542E12BD7547F00E3BE35 /* AlamofireDynamic */ = {
			isa = XCSwiftPackageProductDependency;
			package = 5BE542DE2BD7547F00E3BE35 /* XCRemoteSwiftPackageReference "Alamofire" */;
			productName = AlamofireDynamic;
		};
/* End XCSwiftPackageProductDependency section */
	};
	rootObject = 5BE542BD2BD74ACF00E3BE35 /* Project object */;
}
